
Microsoft Visual Studio Solution File, Format Version 12.00
# Visual Studio 15
VisualStudioVersion = 15.0.27428.2015
MinimumVisualStudioVersion = 10.0.40219.1
Project("{8BC9CEB8-8B4A-11D0-8D11-00A0C91BC942}") = "静态手势识别2", "静态手势识别2.vcxproj", "{853725BB-8DC7-4733-9A70-1C6EC7D05842}"
EndProject
Global
	GlobalSection(SolutionConfigurationPlatforms) = preSolution
		Debug|x64 = Debug|x64
		Debug|x86 = Debug|x86
		Release|x64 = Release|x64
		Release|x86 = Release|x86
	EndGlobalSection
	GlobalSection(ProjectConfigurationPlatforms) = postSolution
		{853725BB-8DC7-4733-9A70-1C6EC7D05842}.Debug|x64.ActiveCfg = Debug|x64
		{853725BB-8DC7-4733-9A70-1C6EC7D05842}.Debug|x64.Build.0 = Debug|x64
		{853725BB-8DC7-4733-9A70-1C6EC7D05842}.Debug|x86.ActiveCfg = Debug|Win32
		{853725BB-8DC7-4733-9A70-1C6EC7D05842}.Debug|x86.Build.0 = Debug|Win32
		{853725BB-8DC7-4733-9A70-1C6EC7D05842}.Release|x64.ActiveCfg = Release|x64
		{853725BB-8DC7-4733-9A70-1C6EC7D05842}.Release|x64.Build.0 = Release|x64
		{853725BB-8DC7-4733-9A70-1C6EC7D05842}.Release|x86.ActiveCfg = Release|Win32
		{853725BB-8DC7-4733-9A70-1C6EC7D05842}.Release|x86.Build.0 = Release|Win32
	EndGlobalSection
	GlobalSection(SolutionProperties) = preSolution
		HideSolutionNode = FALSE
	EndGlobalSection
	GlobalSection(ExtensibilityGlobals) = postSolution
		SolutionGuid = {CF1BFEBD-B574-4B27-99D6-047DCC83EC83}
	EndGlobalSection
EndGlobal
